// !$*UTF8*$!
{
	archiveVersion = 1;
	classes = {
	};
	objectVersion = 77;
	objects = {

/* Begin PBXBuildFile section */
		CB000000000000000000001B /* ShareExtension.appex in Embed Foundation Extensions */ = {isa = PBXBuildFile; fileRef = CB0000000000000000000012 /* ShareExtension.appex */; settings = {ATTRIBUTES = (RemoveHeadersOnCopy, ); }; };
		CC000000000000000000002B /* CasberiWidgets.appex in Embed Foundation Extensions */ = {isa = PBXBuildFile; fileRef = CC0000000000000000000022 /* CasberiWidgets.appex */; settings = {ATTRIBUTES = (RemoveHeadersOnCopy, ); }; };
		CE0000000000000000000001 /* WalletConnect in Frameworks */ = {isa = PBXBuildFile; productRef = CE0000000000000000000002 /* WalletConnect */; };
		CE0000000000000000000005 /* ReownAppKit in Frameworks */ = {isa = PBXBuildFile; platformFilter = ios; productRef = CE0000000000000000000004 /* ReownAppKit */; };
		CE0000000000000000000007 /* P256K in Frameworks */ = {isa = PBXBuildFile; productRef = CE0000000000000000000006 /* P256K */; };
/* End PBXBuildFile section */

/* Begin PBXContainerItemProxy section */
		CB000000000000000000001C /* PBXContainerItemProxy */ = {
			isa = PBXContainerItemProxy;
			containerPortal = CA0000000000000000000001 /* Project object */;
			proxyType = 1;
			remoteGlobalIDString = CB0000000000000000000013;
			remoteInfo = ShareExtension;
		};
		CC000000000000000000002C /* PBXContainerItemProxy */ = {
			isa = PBXContainerItemProxy;
			containerPortal = CA0000000000000000000001 /* Project object */;
			proxyType = 1;
			remoteGlobalIDString = CC0000000000000000000023;
			remoteInfo = CasberiWidgets;
		};
		CD000000000000000000003C /* PBXContainerItemProxy */ = {
			isa = PBXContainerItemProxy;
			containerPortal = CA0000000000000000000001 /* Project object */;
			proxyType = 1;
			remoteGlobalIDString = CA0000000000000000000005;
			remoteInfo = Casberi;
		};
/* End PBXContainerItemProxy section */

/* Begin PBXCopyFilesBuildPhase section */
		CB000000000000000000001A /* Embed Foundation Extensions */ = {
			isa = PBXCopyFilesBuildPhase;
			buildActionMask = 2147483647;
			dstPath = "";
			dstSubfolderSpec = 13;
			files = (
				CB000000000000000000001B /* ShareExtension.appex in Embed Foundation Extensions */,
				CC000000000000000000002B /* CasberiWidgets.appex in Embed Foundation Extensions */,
			);
			name = "Embed Foundation Extensions";
			runOnlyForDeploymentPostprocessing = 0;
		};
/* End PBXCopyFilesBuildPhase section */

/* Begin PBXFileReference section */
		CA0000000000000000000004 /* Casberi.app */ = {isa = PBXFileReference; explicitFileType = wrapper.application; includeInIndex = 0; path = Casberi.app; sourceTree = BUILT_PRODUCTS_DIR; };
		CB0000000000000000000012 /* ShareExtension.appex */ = {isa = PBXFileReference; explicitFileType = "wrapper.app-extension"; includeInIndex = 0; path = ShareExtension.appex; sourceTree = BUILT_PRODUCTS_DIR; };
		CC0000000000000000000022 /* CasberiWidgets.appex */ = {isa = PBXFileReference; explicitFileType = "wrapper.app-extension"; includeInIndex = 0; path = CasberiWidgets.appex; sourceTree = BUILT_PRODUCTS_DIR; };
		CD0000000000000000000032 /* CasberiTests.xctest */ = {isa = PBXFileReference; explicitFileType = wrapper.cfbundle; includeInIndex = 0; path = CasberiTests.xctest; sourceTree = BUILT_PRODUCTS_DIR; };
/* End PBXFileReference section */

/* Begin PBXFileSystemSynchronizedBuildFileExceptionSet section */
		CB000000000000000000001E /* Exceptions for "ShareExtension" folder in "ShareExtension" target */ = {
			isa = PBXFileSystemSynchronizedBuildFileExceptionSet;
			membershipExceptions = (
				Info.plist,
			);
			target = CB0000000000000000000013 /* ShareExtension */;
		};
		CB000000000000000000001F /* Exceptions for "Casberi" folder in "Casberi" target */ = {
			isa = PBXFileSystemSynchronizedBuildFileExceptionSet;
			membershipExceptions = (
				Info.plist,
			);
			target = CA0000000000000000000005 /* Casberi */;
		};
		CC000000000000000000002E /* Exceptions for "CasberiWidgets" folder in "CasberiWidgets" target */ = {
			isa = PBXFileSystemSynchronizedBuildFileExceptionSet;
			membershipExceptions = (
				Info.plist,
			);
			target = CC0000000000000000000023 /* CasberiWidgets */;
		};
/* End PBXFileSystemSynchronizedBuildFileExceptionSet section */

/* Begin PBXFileSystemSynchronizedRootGroup section */
		CA0000000000000000000006 /* Casberi */ = {
			isa = PBXFileSystemSynchronizedRootGroup;
			exceptions = (
				CB000000000000000000001F /* Exceptions for "Casberi" folder in "Casberi" target */,
			);
			path = Casberi;
			sourceTree = "<group>";
		};
		CB0000000000000000000010 /* Shared */ = {
			isa = PBXFileSystemSynchronizedRootGroup;
			path = Shared;
			sourceTree = "<group>";
		};
		CB0000000000000000000011 /* ShareExtension */ = {
			isa = PBXFileSystemSynchronizedRootGroup;
			exceptions = (
				CB000000000000000000001E /* Exceptions for "ShareExtension" folder in "ShareExtension" target */,
			);
			path = ShareExtension;
			sourceTree = "<group>";
		};
		CC0000000000000000000021 /* CasberiWidgets */ = {
			isa = PBXFileSystemSynchronizedRootGroup;
			exceptions = (
				CC000000000000000000002E /* Exceptions for "CasberiWidgets" folder in "CasberiWidgets" target */,
			);
			path = CasberiWidgets;
			sourceTree = "<group>";
		};
		CD0000000000000000000031 /* CasberiTests */ = {
			isa = PBXFileSystemSynchronizedRootGroup;
			path = CasberiTests;
			sourceTree = "<group>";
		};
/* End PBXFileSystemSynchronizedRootGroup section */

/* Begin PBXFrameworksBuildPhase section */
		CA000000000000000000000E /* Frameworks */ = {
			isa = PBXFrameworksBuildPhase;
			buildActionMask = 2147483647;
			files = (
				CE0000000000000000000001 /* WalletConnect in Frameworks */,
				CE0000000000000000000005 /* ReownAppKit in Frameworks */,
				CE0000000000000000000007 /* P256K in Frameworks */,
			);
			runOnlyForDeploymentPostprocessing = 0;
		};
		CB0000000000000000000018 /* Frameworks */ = {
			isa = PBXFrameworksBuildPhase;
			buildActionMask = 2147483647;
			files = (
			);
			runOnlyForDeploymentPostprocessing = 0;
		};
		CC0000000000000000000028 /* Frameworks */ = {
			isa = PBXFrameworksBuildPhase;
			buildActionMask = 2147483647;
			files = (
			);
			runOnlyForDeploymentPostprocessing = 0;
		};
		CD0000000000000000000038 /* Frameworks */ = {
			isa = PBXFrameworksBuildPhase;
			buildActionMask = 2147483647;
			files = (
			);
			runOnlyForDeploymentPostprocessing = 0;
		};
/* End PBXFrameworksBuildPhase section */

/* Begin PBXGroup section */
		CA0000000000000000000002 = {
			isa = PBXGroup;
			children = (
				CA0000000000000000000006 /* Casberi */,
				CB0000000000000000000010 /* Shared */,
				CB0000000000000000000011 /* ShareExtension */,
				CC0000000000000000000021 /* CasberiWidgets */,
				CD0000000000000000000031 /* CasberiTests */,
				CA0000000000000000000003 /* Products */,
			);
			sourceTree = "<group>";
		};
		CA0000000000000000000003 /* Products */ = {
			isa = PBXGroup;
			children = (
				CA0000000000000000000004 /* Casberi.app */,
				CB0000000000000000000012 /* ShareExtension.appex */,
				CC0000000000000000000022 /* CasberiWidgets.appex */,
				CD0000000000000000000032 /* CasberiTests.xctest */,
			);
			name = Products;
			sourceTree = "<group>";
		};
/* End PBXGroup section */

/* Begin PBXNativeTarget section */
		CA0000000000000000000005 /* Casberi */ = {
			isa = PBXNativeTarget;
			buildConfigurationList = CA0000000000000000000008 /* Build configuration list for PBXNativeTarget "Casberi" */;
			buildPhases = (
				CA000000000000000000000D /* Sources */,
				CA000000000000000000000E /* Frameworks */,
				CA000000000000000000000F /* Resources */,
				CB000000000000000000001A /* Embed Foundation Extensions */,
			);
			buildRules = (
			);
			dependencies = (
				CB000000000000000000001D /* PBXTargetDependency */,
				CC000000000000000000002D /* PBXTargetDependency */,
			);
			fileSystemSynchronizedGroups = (
				CA0000000000000000000006 /* Casberi */,
				CB0000000000000000000010 /* Shared */,
			);
			name = Casberi;
			packageProductDependencies = (
				CE0000000000000000000002 /* WalletConnect */,
				CE0000000000000000000004 /* ReownAppKit */,
			);
			productName = Casberi;
			productReference = CA0000000000000000000004 /* Casberi.app */;
			productType = "com.apple.product-type.application";
		};
		CB0000000000000000000013 /* ShareExtension */ = {
			isa = PBXNativeTarget;
			buildConfigurationList = CB0000000000000000000014 /* Build configuration list for PBXNativeTarget "ShareExtension" */;
			buildPhases = (
				CB0000000000000000000017 /* Sources */,
				CB0000000000000000000018 /* Frameworks */,
				CB0000000000000000000019 /* Resources */,
			);
			buildRules = (
			);
			dependencies = (
			);
			fileSystemSynchronizedGroups = (
				CB0000000000000000000010 /* Shared */,
				CB0000000000000000000011 /* ShareExtension */,
			);
			name = ShareExtension;
			productName = ShareExtension;
			productReference = CB0000000000000000000012 /* ShareExtension.appex */;
			productType = "com.apple.product-type.app-extension";
		};
		CC0000000000000000000023 /* CasberiWidgets */ = {
			isa = PBXNativeTarget;
			buildConfigurationList = CC0000000000000000000024 /* Build configuration list for PBXNativeTarget "CasberiWidgets" */;
			buildPhases = (
				CC0000000000000000000027 /* Sources */,
				CC0000000000000000000028 /* Frameworks */,
				CC0000000000000000000029 /* Resources */,
			);
			buildRules = (
			);
			dependencies = (
			);
			fileSystemSynchronizedGroups = (
				CB0000000000000000000010 /* Shared */,
				CC0000000000000000000021 /* CasberiWidgets */,
			);
			name = CasberiWidgets;
			productName = CasberiWidgets;
			productReference = CC0000000000000000000022 /* CasberiWidgets.appex */;
			productType = "com.apple.product-type.app-extension";
		};
		CD0000000000000000000033 /* CasberiTests */ = {
			isa = PBXNativeTarget;
			buildConfigurationList = CD0000000000000000000034 /* Build configuration list for PBXNativeTarget "CasberiTests" */;
			buildPhases = (
				CD0000000000000000000037 /* Sources */,
				CD0000000000000000000038 /* Frameworks */,
				CD0000000000000000000039 /* Resources */,
			);
			buildRules = (
			);
			dependencies = (
				CD000000000000000000003D /* PBXTargetDependency */,
			);
			fileSystemSynchronizedGroups = (
				CD0000000000000000000031 /* CasberiTests */,
			);
			name = CasberiTests;
			productName = CasberiTests;
			productReference = CD0000000000000000000032 /* CasberiTests.xctest */;
			productType = "com.apple.product-type.bundle.unit-test";
		};
/* End PBXNativeTarget section */

/* Begin PBXProject section */
		CA0000000000000000000001 /* Project object */ = {
			isa = PBXProject;
			attributes = {
				BuildIndependentTargetsInParallel = 1;
				LastSwiftUpdateCheck = 2650;
				LastUpgradeCheck = 2660;
				TargetAttributes = {
					CA0000000000000000000005 = {
						CreatedOnToolsVersion = 26.5;
					};
					CB0000000000000000000013 = {
						CreatedOnToolsVersion = 26.5;
					};
					CC0000000000000000000023 = {
						CreatedOnToolsVersion = 26.5;
					};
					CD0000000000000000000033 = {
						CreatedOnToolsVersion = 26.5;
						TestTargetID = CA0000000000000000000005;
					};
				};
			};
			buildConfigurationList = CA0000000000000000000007 /* Build configuration list for PBXProject "Casberi" */;
			developmentRegion = en;
			hasScannedForEncodings = 0;
			knownRegions = (
				en,
				Base,
				"zh-Hans",
				ja,
				ko,
				es,
			);
			mainGroup = CA0000000000000000000002;
			minimizedProjectReferenceProxies = 1;
			packageReferences = (
				CE0000000000000000000003 /* XCRemoteSwiftPackageReference "reown-swift" */,
				CE0000000000000000000008 /* XCRemoteSwiftPackageReference "swift-secp256k1" */,
			);
			preferredProjectObjectVersion = 77;
			productRefGroup = CA0000000000000000000003 /* Products */;
			projectDirPath = "";
			projectRoot = "";
			targets = (
				CA0000000000000000000005 /* Casberi */,
				CB0000000000000000000013 /* ShareExtension */,
				CC0000000000000000000023 /* CasberiWidgets */,
				CD0000000000000000000033 /* CasberiTests */,
			);
		};
/* End PBXProject section */

/* Begin PBXResourcesBuildPhase section */
		CA000000000000000000000F /* Resources */ = {
			isa = PBXResourcesBuildPhase;
			buildActionMask = 2147483647;
			files = (
			);
			runOnlyForDeploymentPostprocessing = 0;
		};
		CB0000000000000000000019 /* Resources */ = {
			isa = PBXResourcesBuildPhase;
			buildActionMask = 2147483647;
			files = (
			);
			runOnlyForDeploymentPostprocessing = 0;
		};
		CC0000000000000000000029 /* Resources */ = {
			isa = PBXResourcesBuildPhase;
			buildActionMask = 2147483647;
			files = (
			);
			runOnlyForDeploymentPostprocessing = 0;
		};
		CD0000000000000000000039 /* Resources */ = {
			isa = PBXResourcesBuildPhase;
			buildActionMask = 2147483647;
			files = (
			);
			runOnlyForDeploymentPostprocessing = 0;
		};
/* End PBXResourcesBuildPhase section */

/* Begin PBXSourcesBuildPhase section */
		CA000000000000000000000D /* Sources */ = {
			isa = PBXSourcesBuildPhase;
			buildActionMask = 2147483647;
			files = (
			);
			runOnlyForDeploymentPostprocessing = 0;
		};
		CB0000000000000000000017 /* Sources */ = {
			isa = PBXSourcesBuildPhase;
			buildActionMask = 2147483647;
			files = (
			);
			runOnlyForDeploymentPostprocessing = 0;
		};
		CC0000000000000000000027 /* Sources */ = {
			isa = PBXSourcesBuildPhase;
			buildActionMask = 2147483647;
			files = (
			);
			runOnlyForDeploymentPostprocessing = 0;
		};
		CD0000000000000000000037 /* Sources */ = {
			isa = PBXSourcesBuildPhase;
			buildActionMask = 2147483647;
			files = (
			);
			runOnlyForDeploymentPostprocessing = 0;
		};
/* End PBXSourcesBuildPhase section */

/* Begin PBXTargetDependency section */
		CB000000000000000000001D /* PBXTargetDependency */ = {
			isa = PBXTargetDependency;
			target = CB0000000000000000000013 /* ShareExtension */;
			targetProxy = CB000000000000000000001C /* PBXContainerItemProxy */;
		};
		CC000000000000000000002D /* PBXTargetDependency */ = {
			isa = PBXTargetDependency;
			target = CC0000000000000000000023 /* CasberiWidgets */;
			targetProxy = CC000000000000000000002C /* PBXContainerItemProxy */;
		};
		CD000000000000000000003D /* PBXTargetDependency */ = {
			isa = PBXTargetDependency;
			target = CA0000000000000000000005 /* Casberi */;
			targetProxy = CD000000000000000000003C /* PBXContainerItemProxy */;
		};
/* End PBXTargetDependency section */

/* Begin XCBuildConfiguration section */
		CA0000000000000000000009 /* Debug */ = {
			isa = XCBuildConfiguration;
			buildSettings = {
				ALWAYS_SEARCH_USER_PATHS = NO;
				ASSETCATALOG_COMPILER_GENERATE_SWIFT_ASSET_SYMBOL_EXTENSIONS = YES;
				CLANG_ANALYZER_LOCALIZABILITY_NONLOCALIZED = YES;
				CLANG_ANALYZER_NONNULL = YES;
				CLANG_ANALYZER_NUMBER_OBJECT_CONVERSION = YES_AGGRESSIVE;
				CLANG_CXX_LANGUAGE_STANDARD = "gnu++20";
				CLANG_ENABLE_MODULES = YES;
				CLANG_ENABLE_OBJC_ARC = YES;
				CLANG_ENABLE_OBJC_WEAK = YES;
				CLANG_WARN_BLOCK_CAPTURE_AUTORELEASING = YES;
				CLANG_WARN_BOOL_CONVERSION = YES;
				CLANG_WARN_COMMA = YES;
				CLANG_WARN_CONSTANT_CONVERSION = YES;
				CLANG_WARN_DEPRECATED_OBJC_IMPLEMENTATIONS = YES;
				CLANG_WARN_DIRECT_OBJC_ISA_USAGE = YES_ERROR;
				CLANG_WARN_DOCUMENTATION_COMMENTS = YES;
				CLANG_WARN_EMPTY_BODY = YES;
				CLANG_WARN_ENUM_CONVERSION = YES;
				CLANG_WARN_INFINITE_RECURSION = YES;
				CLANG_WARN_INT_CONVERSION = YES;
				CLANG_WARN_NON_LITERAL_NULL_CONVERSION = YES;
				CLANG_WARN_OBJC_IMPLICIT_RETAIN_SELF = YES;
				CLANG_WARN_OBJC_LITERAL_CONVERSION = YES;
				CLANG_WARN_OBJC_ROOT_CLASS = YES_ERROR;
				CLANG_WARN_QUOTED_INCLUDE_IN_FRAMEWORK_HEADER = YES;
				CLANG_WARN_RANGE_LOOP_ANALYSIS = YES;
				CLANG_WARN_STRICT_PROTOTYPES = YES;
				CLANG_WARN_SUSPICIOUS_MOVE = YES;
				CLANG_WARN_UNGUARDED_AVAILABILITY = YES_AGGRESSIVE;
				CLANG_WARN_UNREACHABLE_CODE = YES;
				CLANG_WARN__DUPLICATE_METHOD_MATCH = YES;
				COPY_PHASE_STRIP = NO;
				DEBUG_INFORMATION_FORMAT = dwarf;
				DEVELOPMENT_TEAM = 35428TQK3S;
				ENABLE_STRICT_OBJC_MSGSEND = YES;
				ENABLE_TESTABILITY = YES;
				ENABLE_USER_SCRIPT_SANDBOXING = YES;
				GCC_C_LANGUAGE_STANDARD = gnu17;
				GCC_DYNAMIC_NO_PIC = NO;
				GCC_NO_COMMON_BLOCKS = YES;
				GCC_OPTIMIZATION_LEVEL = 0;
				GCC_PREPROCESSOR_DEFINITIONS = (
					"DEBUG=1",
					"$(inherited)",
				);
				GCC_WARN_64_TO_32_BIT_CONVERSION = YES;
				GCC_WARN_ABOUT_RETURN_TYPE = YES_ERROR;
				GCC_WARN_UNDECLARED_SELECTOR = YES;
				GCC_WARN_UNINITIALIZED_AUTOS = YES_AGGRESSIVE;
				GCC_WARN_UNUSED_FUNCTION = YES;
				GCC_WARN_UNUSED_VARIABLE = YES;
				IPHONEOS_DEPLOYMENT_TARGET = 18.0;
				LOCALIZATION_PREFERS_STRING_CATALOGS = YES;
				MTL_ENABLE_DEBUG_INFO = INCLUDE_SOURCE;
				MTL_FAST_MATH = YES;
				ONLY_ACTIVE_ARCH = YES;
				SDKROOT = iphoneos;
				STRING_CATALOG_GENERATE_SYMBOLS = YES;
				SWIFT_ACTIVE_COMPILATION_CONDITIONS = "DEBUG $(inherited)";
				SWIFT_OPTIMIZATION_LEVEL = "-Onone";
			};
			name = Debug;
		};
		CA000000000000000000000A /* Release */ = {
			isa = XCBuildConfiguration;
			buildSettings = {
				ALWAYS_SEARCH_USER_PATHS = NO;
				ASSETCATALOG_COMPILER_GENERATE_SWIFT_ASSET_SYMBOL_EXTENSIONS = YES;
				CLANG_ANALYZER_LOCALIZABILITY_NONLOCALIZED = YES;
				CLANG_ANALYZER_NONNULL = YES;
				CLANG_ANALYZER_NUMBER_OBJECT_CONVERSION = YES_AGGRESSIVE;
				CLANG_CXX_LANGUAGE_STANDARD = "gnu++20";
				CLANG_ENABLE_MODULES = YES;
				CLANG_ENABLE_OBJC_ARC = YES;
				CLANG_ENABLE_OBJC_WEAK = YES;
				CLANG_WARN_BLOCK_CAPTURE_AUTORELEASING = YES;
				CLANG_WARN_BOOL_CONVERSION = YES;
				CLANG_WARN_COMMA = YES;
				CLANG_WARN_CONSTANT_CONVERSION = YES;
				CLANG_WARN_DEPRECATED_OBJC_IMPLEMENTATIONS = YES;
				CLANG_WARN_DIRECT_OBJC_ISA_USAGE = YES_ERROR;
				CLANG_WARN_DOCUMENTATION_COMMENTS = YES;
				CLANG_WARN_EMPTY_BODY = YES;
				CLANG_WARN_ENUM_CONVERSION = YES;
				CLANG_WARN_INFINITE_RECURSION = YES;
				CLANG_WARN_INT_CONVERSION = YES;
				CLANG_WARN_NON_LITERAL_NULL_CONVERSION = YES;
				CLANG_WARN_OBJC_IMPLICIT_RETAIN_SELF = YES;
				CLANG_WARN_OBJC_LITERAL_CONVERSION = YES;
				CLANG_WARN_OBJC_ROOT_CLASS = YES_ERROR;
				CLANG_WARN_QUOTED_INCLUDE_IN_FRAMEWORK_HEADER = YES;
				CLANG_WARN_RANGE_LOOP_ANALYSIS = YES;
				CLANG_WARN_STRICT_PROTOTYPES = YES;
				CLANG_WARN_SUSPICIOUS_MOVE = YES;
				CLANG_WARN_UNGUARDED_AVAILABILITY = YES_AGGRESSIVE;
				CLANG_WARN_UNREACHABLE_CODE = YES;
				CLANG_WARN__DUPLICATE_METHOD_MATCH = YES;
				COPY_PHASE_STRIP = NO;
				DEBUG_INFORMATION_FORMAT = "dwarf-with-dsym";
				DEVELOPMENT_TEAM = 35428TQK3S;
				ENABLE_NS_ASSERTIONS = NO;
				ENABLE_STRICT_OBJC_MSGSEND = YES;
				ENABLE_USER_SCRIPT_SANDBOXING = YES;
				GCC_C_LANGUAGE_STANDARD = gnu17;
				GCC_NO_COMMON_BLOCKS = YES;
				GCC_WARN_64_TO_32_BIT_CONVERSION = YES;
				GCC_WARN_ABOUT_RETURN_TYPE = YES_ERROR;
				GCC_WARN_UNDECLARED_SELECTOR = YES;
				GCC_WARN_UNINITIALIZED_AUTOS = YES_AGGRESSIVE;
				GCC_WARN_UNUSED_FUNCTION = YES;
				GCC_WARN_UNUSED_VARIABLE = YES;
				IPHONEOS_DEPLOYMENT_TARGET = 18.0;
				LOCALIZATION_PREFERS_STRING_CATALOGS = YES;
				MTL_ENABLE_DEBUG_INFO = NO;
				MTL_FAST_MATH = YES;
				SDKROOT = iphoneos;
				STRING_CATALOG_GENERATE_SYMBOLS = YES;
				SWIFT_COMPILATION_MODE = wholemodule;
				VALIDATE_PRODUCT = YES;
			};
			name = Release;
		};
		CA000000000000000000000B /* Debug */ = {
			isa = XCBuildConfiguration;
			buildSettings = {
				ASSETCATALOG_COMPILER_APPICON_NAME = AppIcon;
				ASSETCATALOG_COMPILER_GLOBAL_ACCENT_COLOR_NAME = AccentColor;
				CODE_SIGN_ENTITLEMENTS = Casberi/Casberi.entitlements;
				"CODE_SIGN_ENTITLEMENTS[sdk=macosx*]" = "Casberi/Casberi-Catalyst.entitlements";
				CODE_SIGN_STYLE = Automatic;
				CURRENT_PROJECT_VERSION = 444;
				ENABLE_DEBUG_DYLIB = NO;
				ENABLE_PREVIEWS = YES;
				GENERATE_INFOPLIST_FILE = YES;
				INFOPLIST_FILE = Casberi/Info.plist;
				INFOPLIST_KEY_CFBundleDisplayName = Casberi;
				INFOPLIST_KEY_ITSAppUsesNonExemptEncryption = NO;
				INFOPLIST_KEY_LSApplicationCategoryType = "public.app-category.productivity";
				INFOPLIST_KEY_NSAppleMusicUsageDescription = "Casberi reads what you've recently played so it lands in your feed.";
				INFOPLIST_KEY_NSCalendarsFullAccessUsageDescription = "Casberi reads your events so your day lands as things.";
				INFOPLIST_KEY_NSCameraUsageDescription = "Casberi scans a product's barcode so its item lands in your feed.";
				INFOPLIST_KEY_NSContactsUsageDescription = "Casberi reads your contacts so the people you know become findable — search-only, never shown in your feed.";
				INFOPLIST_KEY_NSFaceIDUsageDescription = "Casberi asks for Face ID before this phone signs a Safe transaction, so a signature always costs your face.";
				INFOPLIST_KEY_NSFinancialDataUsageDescription = "Casberi reads your Apple Card, Apple Cash and Savings transactions on this device so your spending appears in your feed. It stays on this device, is never uploaded, and can't spend or move money.";
				INFOPLIST_KEY_NSHealthShareUsageDescription = "Casberi reads your workouts so they land in your feed.";
				INFOPLIST_KEY_NSHealthUpdateUsageDescription = "Casberi only reads your workouts so they land in your feed — it never writes to Health.";
				INFOPLIST_KEY_NSHomeKitUsageDescription = "Casberi reads your home's accessories — locks, doors, sensors — so their state lands as things.";
				INFOPLIST_KEY_NSLocationWhenInUseUsageDescription = "Casberi reads your location once to show today's weather in Coming up — never in the background.";
				INFOPLIST_KEY_NSMicrophoneUsageDescription = "Casberi records your voice notes when you tap the mic.";
				INFOPLIST_KEY_NSPhotoLibraryUsageDescription = "Casberi reads screenshots you take so they land as things.";
				INFOPLIST_KEY_NSRemindersFullAccessUsageDescription = "Casberi reads your reminders so your list lands as things.";
				INFOPLIST_KEY_NSSpeechRecognitionUsageDescription = "Casberi transcribes your voice notes so they stay findable.";
				INFOPLIST_KEY_NSSupportsLiveActivities = YES;
				INFOPLIST_KEY_UIApplicationSceneManifest_Generation = YES;
				INFOPLIST_KEY_UIApplicationSupportsIndirectInputEvents = YES;
				INFOPLIST_KEY_UILaunchScreen_Generation = YES;
				INFOPLIST_KEY_UISupportedInterfaceOrientations = UIInterfaceOrientationPortrait;
				INFOPLIST_KEY_UISupportedInterfaceOrientations_iPad = "UIInterfaceOrientationPortrait UIInterfaceOrientationPortraitUpsideDown UIInterfaceOrientationLandscapeLeft UIInterfaceOrientationLandscapeRight";
				LD_RUNPATH_SEARCH_PATHS = (
					"$(inherited)",
					"@executable_path/Frameworks",
				);
				MARKETING_VERSION = 1.0.10;
				OTHER_LDFLAGS = (
					"$(inherited)",
					"-Wl,-stack_size,0x800000",
				);
				PRODUCT_BUNDLE_IDENTIFIER = com.casberi.app;
				PRODUCT_NAME = "$(TARGET_NAME)";
				SUPPORTS_MACCATALYST = YES;
				SWIFT_EMIT_LOC_STRINGS = YES;
				SWIFT_VERSION = 5.0;
				TARGETED_DEVICE_FAMILY = "1,2,6";
			};
			name = Debug;
		};
		CA000000000000000000000C /* Release */ = {
			isa = XCBuildConfiguration;
			buildSettings = {
				ASSETCATALOG_COMPILER_APPICON_NAME = AppIcon;
				ASSETCATALOG_COMPILER_GLOBAL_ACCENT_COLOR_NAME = AccentColor;
				CODE_SIGN_ENTITLEMENTS = Casberi/Casberi.entitlements;
				"CODE_SIGN_ENTITLEMENTS[sdk=macosx*]" = "Casberi/Casberi-Catalyst.entitlements";
				CODE_SIGN_STYLE = Automatic;
				CURRENT_PROJECT_VERSION = 444;
				ENABLE_DEBUG_DYLIB = NO;
				ENABLE_PREVIEWS = YES;
				GENERATE_INFOPLIST_FILE = YES;
				INFOPLIST_FILE = Casberi/Info.plist;
				INFOPLIST_KEY_CFBundleDisplayName = Casberi;
				INFOPLIST_KEY_ITSAppUsesNonExemptEncryption = NO;
				INFOPLIST_KEY_LSApplicationCategoryType = "public.app-category.productivity";
				INFOPLIST_KEY_NSAppleMusicUsageDescription = "Casberi reads what you've recently played so it lands in your feed.";
				INFOPLIST_KEY_NSCalendarsFullAccessUsageDescription = "Casberi reads your events so your day lands as things.";
				INFOPLIST_KEY_NSCameraUsageDescription = "Casberi scans a product's barcode so its item lands in your feed.";
				INFOPLIST_KEY_NSContactsUsageDescription = "Casberi reads your contacts so the people you know become findable — search-only, never shown in your feed.";
				INFOPLIST_KEY_NSFaceIDUsageDescription = "Casberi asks for Face ID before this phone signs a Safe transaction, so a signature always costs your face.";
				INFOPLIST_KEY_NSFinancialDataUsageDescription = "Casberi reads your Apple Card, Apple Cash and Savings transactions on this device so your spending appears in your feed. It stays on this device, is never uploaded, and can't spend or move money.";
				INFOPLIST_KEY_NSHealthShareUsageDescription = "Casberi reads your workouts so they land in your feed.";
				INFOPLIST_KEY_NSHealthUpdateUsageDescription = "Casberi only reads your workouts so they land in your feed — it never writes to Health.";
				INFOPLIST_KEY_NSHomeKitUsageDescription = "Casberi reads your home's accessories — locks, doors, sensors — so their state lands as things.";
				INFOPLIST_KEY_NSLocationWhenInUseUsageDescription = "Casberi reads your location once to show today's weather in Coming up — never in the background.";
				INFOPLIST_KEY_NSMicrophoneUsageDescription = "Casberi records your voice notes when you tap the mic.";
				INFOPLIST_KEY_NSPhotoLibraryUsageDescription = "Casberi reads screenshots you take so they land as things.";
				INFOPLIST_KEY_NSRemindersFullAccessUsageDescription = "Casberi reads your reminders so your list lands as things.";
				INFOPLIST_KEY_NSSpeechRecognitionUsageDescription = "Casberi transcribes your voice notes so they stay findable.";
				INFOPLIST_KEY_NSSupportsLiveActivities = YES;
				INFOPLIST_KEY_UIApplicationSceneManifest_Generation = YES;
				INFOPLIST_KEY_UIApplicationSupportsIndirectInputEvents = YES;
				INFOPLIST_KEY_UILaunchScreen_Generation = YES;
				INFOPLIST_KEY_UISupportedInterfaceOrientations = UIInterfaceOrientationPortrait;
				INFOPLIST_KEY_UISupportedInterfaceOrientations_iPad = "UIInterfaceOrientationPortrait UIInterfaceOrientationPortraitUpsideDown UIInterfaceOrientationLandscapeLeft UIInterfaceOrientationLandscapeRight";
				LD_RUNPATH_SEARCH_PATHS = (
					"$(inherited)",
					"@executable_path/Frameworks",
				);
				MARKETING_VERSION = 1.0.10;
				OTHER_LDFLAGS = (
					"$(inherited)",
					"-Wl,-stack_size,0x800000",
				);
				PRODUCT_BUNDLE_IDENTIFIER = com.casberi.app;
				PRODUCT_NAME = "$(TARGET_NAME)";
				SUPPORTS_MACCATALYST = YES;
				SWIFT_EMIT_LOC_STRINGS = YES;
				SWIFT_VERSION = 5.0;
				TARGETED_DEVICE_FAMILY = "1,2,6";
			};
			name = Release;
		};
		CB0000000000000000000015 /* Debug */ = {
			isa = XCBuildConfiguration;
			buildSettings = {
				APPLICATION_EXTENSION_API_ONLY = YES;
				CODE_SIGN_ENTITLEMENTS = ShareExtension/ShareExtension.entitlements;
				"CODE_SIGN_ENTITLEMENTS[sdk=macosx*]" = "ShareExtension/ShareExtension-Catalyst.entitlements";
				CODE_SIGN_STYLE = Automatic;
				CURRENT_PROJECT_VERSION = 444;
				GENERATE_INFOPLIST_FILE = YES;
				INFOPLIST_FILE = ShareExtension/Info.plist;
				INFOPLIST_KEY_CFBundleDisplayName = Casberi;
				LD_RUNPATH_SEARCH_PATHS = (
					"$(inherited)",
					"@executable_path/Frameworks",
					"@executable_path/../../Frameworks",
				);
				MARKETING_VERSION = 1.0.10;
				PRODUCT_BUNDLE_IDENTIFIER = com.casberi.app.ShareExtension;
				PRODUCT_NAME = "$(TARGET_NAME)";
				SKIP_INSTALL = YES;
				SUPPORTS_MACCATALYST = YES;
				SWIFT_EMIT_LOC_STRINGS = YES;
				SWIFT_VERSION = 5.0;
				TARGETED_DEVICE_FAMILY = "1,2,6";
			};
			name = Debug;
		};
		CB0000000000000000000016 /* Release */ = {
			isa = XCBuildConfiguration;
			buildSettings = {
				APPLICATION_EXTENSION_API_ONLY = YES;
				CODE_SIGN_ENTITLEMENTS = ShareExtension/ShareExtension.entitlements;
				"CODE_SIGN_ENTITLEMENTS[sdk=macosx*]" = "ShareExtension/ShareExtension-Catalyst.entitlements";
				CODE_SIGN_STYLE = Automatic;
				CURRENT_PROJECT_VERSION = 444;
				GENERATE_INFOPLIST_FILE = YES;
				INFOPLIST_FILE = ShareExtension/Info.plist;
				INFOPLIST_KEY_CFBundleDisplayName = Casberi;
				LD_RUNPATH_SEARCH_PATHS = (
					"$(inherited)",
					"@executable_path/Frameworks",
					"@executable_path/../../Frameworks",
				);
				MARKETING_VERSION = 1.0.10;
				PRODUCT_BUNDLE_IDENTIFIER = com.casberi.app.ShareExtension;
				PRODUCT_NAME = "$(TARGET_NAME)";
				SKIP_INSTALL = YES;
				SUPPORTS_MACCATALYST = YES;
				SWIFT_EMIT_LOC_STRINGS = YES;
				SWIFT_VERSION = 5.0;
				TARGETED_DEVICE_FAMILY = "1,2,6";
			};
			name = Release;
		};
		CC0000000000000000000025 /* Debug */ = {
			isa = XCBuildConfiguration;
			buildSettings = {
				APPLICATION_EXTENSION_API_ONLY = YES;
				CODE_SIGN_ENTITLEMENTS = CasberiWidgets/CasberiWidgets.entitlements;
				"CODE_SIGN_ENTITLEMENTS[sdk=macosx*]" = "CasberiWidgets/CasberiWidgets-Catalyst.entitlements";
				CODE_SIGN_STYLE = Automatic;
				CURRENT_PROJECT_VERSION = 444;
				GENERATE_INFOPLIST_FILE = YES;
				INFOPLIST_FILE = CasberiWidgets/Info.plist;
				INFOPLIST_KEY_CFBundleDisplayName = Casberi;
				LD_RUNPATH_SEARCH_PATHS = (
					"$(inherited)",
					"@executable_path/Frameworks",
					"@executable_path/../../Frameworks",
				);
				MARKETING_VERSION = 1.0.10;
				PRODUCT_BUNDLE_IDENTIFIER = com.casberi.app.CasberiWidgets;
				PRODUCT_NAME = "$(TARGET_NAME)";
				SKIP_INSTALL = YES;
				SUPPORTS_MACCATALYST = YES;
				SWIFT_EMIT_LOC_STRINGS = YES;
				SWIFT_VERSION = 5.0;
				TARGETED_DEVICE_FAMILY = "1,2,6";
			};
			name = Debug;
		};
		CC0000000000000000000026 /* Release */ = {
			isa = XCBuildConfiguration;
			buildSettings = {
				APPLICATION_EXTENSION_API_ONLY = YES;
				CODE_SIGN_ENTITLEMENTS = CasberiWidgets/CasberiWidgets.entitlements;
				"CODE_SIGN_ENTITLEMENTS[sdk=macosx*]" = "CasberiWidgets/CasberiWidgets-Catalyst.entitlements";
				CODE_SIGN_STYLE = Automatic;
				CURRENT_PROJECT_VERSION = 444;
				GENERATE_INFOPLIST_FILE = YES;
				INFOPLIST_FILE = CasberiWidgets/Info.plist;
				INFOPLIST_KEY_CFBundleDisplayName = Casberi;
				LD_RUNPATH_SEARCH_PATHS = (
					"$(inherited)",
					"@executable_path/Frameworks",
					"@executable_path/../../Frameworks",
				);
				MARKETING_VERSION = 1.0.10;
				PRODUCT_BUNDLE_IDENTIFIER = com.casberi.app.CasberiWidgets;
				PRODUCT_NAME = "$(TARGET_NAME)";
				SKIP_INSTALL = YES;
				SUPPORTS_MACCATALYST = YES;
				SWIFT_EMIT_LOC_STRINGS = YES;
				SWIFT_VERSION = 5.0;
				TARGETED_DEVICE_FAMILY = "1,2,6";
			};
			name = Release;
		};
		CD0000000000000000000035 /* Debug */ = {
			isa = XCBuildConfiguration;
			buildSettings = {
				BUNDLE_LOADER = "$(TEST_HOST)";
				CODE_SIGN_STYLE = Automatic;
				CURRENT_PROJECT_VERSION = 444;
				GENERATE_INFOPLIST_FILE = YES;
				MARKETING_VERSION = 1.0.10;
				PRODUCT_BUNDLE_IDENTIFIER = com.casberi.app.CasberiTests;
				PRODUCT_NAME = "$(TARGET_NAME)";
				SWIFT_EMIT_LOC_STRINGS = YES;
				SWIFT_VERSION = 5.0;
				TARGETED_DEVICE_FAMILY = "1,2";
				TEST_HOST = "$(BUILT_PRODUCTS_DIR)/Casberi.app/Casberi";
			};
			name = Debug;
		};
		CD0000000000000000000036 /* Release */ = {
			isa = XCBuildConfiguration;
			buildSettings = {
				BUNDLE_LOADER = "$(TEST_HOST)";
				CODE_SIGN_STYLE = Automatic;
				CURRENT_PROJECT_VERSION = 444;
				GENERATE_INFOPLIST_FILE = YES;
				MARKETING_VERSION = 1.0.10;
				PRODUCT_BUNDLE_IDENTIFIER = com.casberi.app.CasberiTests;
				PRODUCT_NAME = "$(TARGET_NAME)";
				SWIFT_EMIT_LOC_STRINGS = YES;
				SWIFT_VERSION = 5.0;
				TARGETED_DEVICE_FAMILY = "1,2";
				TEST_HOST = "$(BUILT_PRODUCTS_DIR)/Casberi.app/Casberi";
			};
			name = Release;
		};
/* End XCBuildConfiguration section */

/* Begin XCConfigurationList section */
		CA0000000000000000000007 /* Build configuration list for PBXProject "Casberi" */ = {
			isa = XCConfigurationList;
			buildConfigurations = (
				CA0000000000000000000009 /* Debug */,
				CA000000000000000000000A /* Release */,
			);
			defaultConfigurationIsVisible = 0;
			defaultConfigurationName = Release;
		};
		CA0000000000000000000008 /* Build configuration list for PBXNativeTarget "Casberi" */ = {
			isa = XCConfigurationList;
			buildConfigurations = (
				CA000000000000000000000B /* Debug */,
				CA000000000000000000000C /* Release */,
			);
			defaultConfigurationIsVisible = 0;
			defaultConfigurationName = Release;
		};
		CB0000000000000000000014 /* Build configuration list for PBXNativeTarget "ShareExtension" */ = {
			isa = XCConfigurationList;
			buildConfigurations = (
				CB0000000000000000000015 /* Debug */,
				CB0000000000000000000016 /* Release */,
			);
			defaultConfigurationIsVisible = 0;
			defaultConfigurationName = Release;
		};
		CC0000000000000000000024 /* Build configuration list for PBXNativeTarget "CasberiWidgets" */ = {
			isa = XCConfigurationList;
			buildConfigurations = (
				CC0000000000000000000025 /* Debug */,
				CC0000000000000000000026 /* Release */,
			);
			defaultConfigurationIsVisible = 0;
			defaultConfigurationName = Release;
		};
		CD0000000000000000000034 /* Build configuration list for PBXNativeTarget "CasberiTests" */ = {
			isa = XCConfigurationList;
			buildConfigurations = (
				CD0000000000000000000035 /* Debug */,
				CD0000000000000000000036 /* Release */,
			);
			defaultConfigurationIsVisible = 0;
			defaultConfigurationName = Release;
		};
/* End XCConfigurationList section */

/* Begin XCRemoteSwiftPackageReference section */
		CE0000000000000000000003 /* XCRemoteSwiftPackageReference "reown-swift" */ = {
			isa = XCRemoteSwiftPackageReference;
			repositoryURL = "https://github.com/reown-com/reown-swift";
			requirement = {
				kind = exactVersion;
				version = 2.3.0;
			};
		};
		CE0000000000000000000008 /* XCRemoteSwiftPackageReference "swift-secp256k1" */ = {
			isa = XCRemoteSwiftPackageReference;
			repositoryURL = "https://github.com/21-DOT-DEV/swift-secp256k1";
			requirement = {
				kind = exactVersion;
				version = 0.21.1;
			};
		};
/* End XCRemoteSwiftPackageReference section */

/* Begin XCSwiftPackageProductDependency section */
		CE0000000000000000000002 /* WalletConnect */ = {
			isa = XCSwiftPackageProductDependency;
			package = CE0000000000000000000003 /* XCRemoteSwiftPackageReference "reown-swift" */;
			productName = WalletConnect;
		};
		CE0000000000000000000004 /* ReownAppKit */ = {
			isa = XCSwiftPackageProductDependency;
			package = CE0000000000000000000003 /* XCRemoteSwiftPackageReference "reown-swift" */;
			productName = ReownAppKit;
		};
		CE0000000000000000000006 /* P256K */ = {
			isa = XCSwiftPackageProductDependency;
			package = CE0000000000000000000008 /* XCRemoteSwiftPackageReference "swift-secp256k1" */;
			productName = P256K;
		};
/* End XCSwiftPackageProductDependency section */
	};
	rootObject = CA0000000000000000000001 /* Project object */;
}
